
Microsoft Visual Studio Solution File, Format Version 12.00
Project("{2150E333-8FDC-42A3-9474-1A3956D46DE8}") = "01. CQRS", "01. CQRS", "{B72FB4D3-64DC-4E02-8634-50D148146540}"
EndProject
Project("{2150E333-8FDC-42A3-9474-1A3956D46DE8}") = "00. Framework", "00. Framework", "{DC6CABB1-81C0-4CAF-BD2B-1EB202C34085}"
EndProject
Project("{2150E333-8FDC-42A3-9474-1A3956D46DE8}") = "01. DAL", "01. DAL", "{1AF19ECE-B873-48BE-A89F-DE7139A9693E}"
EndProject
Project("{2150E333-8FDC-42A3-9474-1A3956D46DE8}") = "02. BLL", "02. BLL", "{18BCD78B-7C5A-462B-AB37-CE0D142E60FA}"
EndProject
Project("{2150E333-8FDC-42A3-9474-1A3956D46DE8}") = "03. FRONT", "03. FRONT", "{0C7D507B-2A7C-4528-BFED-6B6A27E195BF}"
EndProject
Project("{2150E333-8FDC-42A3-9474-1A3956D46DE8}") = "02. N-Tier", "02. N-Tier", "{7A5FF629-E24A-4D5D-8F43-E60744D9D9B5}"
EndProject
Project("{2150E333-8FDC-42A3-9474-1A3956D46DE8}") = "00. FRAMEWORK", "00. FRAMEWORK", "{B46DBB17-0F38-4633-A50D-0C28C01DD7B3}"
EndProject
Project("{2150E333-8FDC-42A3-9474-1A3956D46DE8}") = "01. DAL", "01. DAL", "{47C366D5-1C02-414B-8563-96BC0FBEE900}"
EndProject
Project("{2150E333-8FDC-42A3-9474-1A3956D46DE8}") = "02. BLL", "02. BLL", "{D2292879-46E8-45FA-BC4D-8242FC45B6AC}"
EndProject
Project("{2150E333-8FDC-42A3-9474-1A3956D46DE8}") = "03. FRONT", "03. FRONT", "{18A48AFF-155A-4D49-B962-9CAE6869A22D}"
EndProject
Project("{FAE04EC0-301F-11D3-BF4B-00C04F79EFBC}") = "G3L.Examples.NTier.DAL", "G3L.Examples.NTier.DAL\G3L.Examples.NTier.DAL.csproj", "{66259B7D-8E2B-4140-A0AB-FB66C329AC07}"
EndProject
Project("{FAE04EC0-301F-11D3-BF4B-00C04F79EFBC}") = "G3L.Examples.NTier.BLL", "G3L.Examples.NTier.BLL\G3L.Examples.NTier.BLL.csproj", "{E837FB27-A6EF-4F91-9F87-BBC2F69EA7C1}"
EndProject
Project("{FAE04EC0-301F-11D3-BF4B-00C04F79EFBC}") = "G3L.Examples.NTier.API", "G3L.Examples.NTier.API\G3L.Examples.NTier.API.csproj", "{093B304B-D18E-490E-94B5-726E36FD1DEF}"
EndProject
Project("{2150E333-8FDC-42A3-9474-1A3956D46DE8}") = "04. TESTING", "04. TESTING", "{92F76E5B-056F-4113-A87F-93691475DEA8}"
EndProject
Project("{2150E333-8FDC-42A3-9474-1A3956D46DE8}") = "05. GUI", "05. GUI", "{2049D761-0D52-4DDC-BB1F-FE270AB9EFC4}"
EndProject
Project("{FAE04EC0-301F-11D3-BF4B-00C04F79EFBC}") = "G3L.Examples.NTier.Framework", "G3L.Examples.NTier.Framework\G3L.Examples.NTier.Framework.csproj", "{FFC8F781-E804-46F2-A009-82477DCE548E}"
EndProject
Global
	GlobalSection(SolutionConfigurationPlatforms) = preSolution
		Debug|Any CPU = Debug|Any CPU
		Release|Any CPU = Release|Any CPU
	EndGlobalSection
	GlobalSection(NestedProjects) = preSolution
		{DC6CABB1-81C0-4CAF-BD2B-1EB202C34085} = {B72FB4D3-64DC-4E02-8634-50D148146540}
		{1AF19ECE-B873-48BE-A89F-DE7139A9693E} = {B72FB4D3-64DC-4E02-8634-50D148146540}
		{18BCD78B-7C5A-462B-AB37-CE0D142E60FA} = {B72FB4D3-64DC-4E02-8634-50D148146540}
		{0C7D507B-2A7C-4528-BFED-6B6A27E195BF} = {B72FB4D3-64DC-4E02-8634-50D148146540}
		{B46DBB17-0F38-4633-A50D-0C28C01DD7B3} = {7A5FF629-E24A-4D5D-8F43-E60744D9D9B5}
		{47C366D5-1C02-414B-8563-96BC0FBEE900} = {7A5FF629-E24A-4D5D-8F43-E60744D9D9B5}
		{D2292879-46E8-45FA-BC4D-8242FC45B6AC} = {7A5FF629-E24A-4D5D-8F43-E60744D9D9B5}
		{18A48AFF-155A-4D49-B962-9CAE6869A22D} = {7A5FF629-E24A-4D5D-8F43-E60744D9D9B5}
		{66259B7D-8E2B-4140-A0AB-FB66C329AC07} = {47C366D5-1C02-414B-8563-96BC0FBEE900}
		{E837FB27-A6EF-4F91-9F87-BBC2F69EA7C1} = {D2292879-46E8-45FA-BC4D-8242FC45B6AC}
		{093B304B-D18E-490E-94B5-726E36FD1DEF} = {18A48AFF-155A-4D49-B962-9CAE6869A22D}
		{92F76E5B-056F-4113-A87F-93691475DEA8} = {7A5FF629-E24A-4D5D-8F43-E60744D9D9B5}
		{2049D761-0D52-4DDC-BB1F-FE270AB9EFC4} = {7A5FF629-E24A-4D5D-8F43-E60744D9D9B5}
		{FFC8F781-E804-46F2-A009-82477DCE548E} = {B46DBB17-0F38-4633-A50D-0C28C01DD7B3}
	EndGlobalSection
	GlobalSection(ProjectConfigurationPlatforms) = postSolution
		{66259B7D-8E2B-4140-A0AB-FB66C329AC07}.Debug|Any CPU.ActiveCfg = Debug|Any CPU
		{66259B7D-8E2B-4140-A0AB-FB66C329AC07}.Debug|Any CPU.Build.0 = Debug|Any CPU
		{66259B7D-8E2B-4140-A0AB-FB66C329AC07}.Release|Any CPU.ActiveCfg = Release|Any CPU
		{66259B7D-8E2B-4140-A0AB-FB66C329AC07}.Release|Any CPU.Build.0 = Release|Any CPU
		{E837FB27-A6EF-4F91-9F87-BBC2F69EA7C1}.Debug|Any CPU.ActiveCfg = Debug|Any CPU
		{E837FB27-A6EF-4F91-9F87-BBC2F69EA7C1}.Debug|Any CPU.Build.0 = Debug|Any CPU
		{E837FB27-A6EF-4F91-9F87-BBC2F69EA7C1}.Release|Any CPU.ActiveCfg = Release|Any CPU
		{E837FB27-A6EF-4F91-9F87-BBC2F69EA7C1}.Release|Any CPU.Build.0 = Release|Any CPU
		{093B304B-D18E-490E-94B5-726E36FD1DEF}.Debug|Any CPU.ActiveCfg = Debug|Any CPU
		{093B304B-D18E-490E-94B5-726E36FD1DEF}.Debug|Any CPU.Build.0 = Debug|Any CPU
		{093B304B-D18E-490E-94B5-726E36FD1DEF}.Release|Any CPU.ActiveCfg = Release|Any CPU
		{093B304B-D18E-490E-94B5-726E36FD1DEF}.Release|Any CPU.Build.0 = Release|Any CPU
		{FFC8F781-E804-46F2-A009-82477DCE548E}.Debug|Any CPU.ActiveCfg = Debug|Any CPU
		{FFC8F781-E804-46F2-A009-82477DCE548E}.Debug|Any CPU.Build.0 = Debug|Any CPU
		{FFC8F781-E804-46F2-A009-82477DCE548E}.Release|Any CPU.ActiveCfg = Release|Any CPU
		{FFC8F781-E804-46F2-A009-82477DCE548E}.Release|Any CPU.Build.0 = Release|Any CPU
	EndGlobalSection
EndGlobal
