
Microsoft Visual Studio Solution File, Format Version 12.00
# Visual Studio Version 17
VisualStudioVersion = 17.0.32112.339
MinimumVisualStudioVersion = 10.0.40219.1
Project("{FAE04EC0-301F-11D3-BF4B-00C04F79EFBC}") = "Dapper-Demo", "Dapper-Demo\Dapper-Demo.csproj", "{8453DBFC-D842-4635-82B1-04512327E8A9}"
EndProject
Global
	GlobalSection(SolutionConfigurationPlatforms) = preSolution
		Debug|Any CPU = Debug|Any CPU
		Release|Any CPU = Release|Any CPU
	EndGlobalSection
	GlobalSection(ProjectConfigurationPlatforms) = postSolution
		{8453DBFC-D842-4635-82B1-04512327E8A9}.Debug|Any CPU.ActiveCfg = Debug|Any CPU
		{8453DBFC-D842-4635-82B1-04512327E8A9}.Debug|Any CPU.Build.0 = Debug|Any CPU
		{8453DBFC-D842-4635-82B1-04512327E8A9}.Release|Any CPU.ActiveCfg = Release|Any CPU
		{8453DBFC-D842-4635-82B1-04512327E8A9}.Release|Any CPU.Build.0 = Release|Any CPU
	EndGlobalSection
	GlobalSection(SolutionProperties) = preSolution
		HideSolutionNode = FALSE
	EndGlobalSection
	GlobalSection(ExtensibilityGlobals) = postSolution
		SolutionGuid = {0F8DBD21-A886-4AB8-96E8-9264E5419332}
	EndGlobalSection
EndGlobal
