
Microsoft Visual Studio Solution File, Format Version 12.00
# Visual Studio Version 17
VisualStudioVersion = 17.0.31912.275
MinimumVisualStudioVersion = 10.0.40219.1
Project("{2150E333-8FDC-42A3-9474-1A3956D46DE8}") = "02. Visit Microservice", "02. Visit Microservice", "{19D391DC-FE98-4861-920F-D321BE0125FB}"
EndProject
Project("{2150E333-8FDC-42A3-9474-1A3956D46DE8}") = "01. Company Microservice", "01. Company Microservice", "{0AEF2F2F-850A-41A9-98AC-86AFE143911A}"
EndProject
Project("{9A19103F-16F7-4668-BE54-9A1E7A4F7556}") = "MicroServices.CompanyService.DAL", "MicroServices.CompanyService.DAL\MicroServices.CompanyService.DAL.csproj", "{EBB4DAEE-8ACC-4CE0-88DC-9D317A492287}"
EndProject
Project("{9A19103F-16F7-4668-BE54-9A1E7A4F7556}") = "MicroServices.CompanyService.BLL", "MicroServices.CompanyService.BLL\MicroServices.CompanyService.BLL.csproj", "{FA3AB1AB-5F3D-4688-9CC2-EC172DEAD781}"
EndProject
Project("{2150E333-8FDC-42A3-9474-1A3956D46DE8}") = "00. Common", "00. Common", "{FBE368AF-37E1-4048-B2CC-56E8702B1B72}"
EndProject
Project("{FAE04EC0-301F-11D3-BF4B-00C04F79EFBC}") = "Microservices.Common.DAL", "Microservices.Common\Microservices.Common.DAL.csproj", "{49B7D418-FC5C-4EB9-9F17-2CB9D481F71B}"
EndProject
Project("{2150E333-8FDC-42A3-9474-1A3956D46DE8}") = "01. DAL", "01. DAL", "{C15BC76C-3F8B-4CCC-BBB2-208234898D22}"
EndProject
Project("{2150E333-8FDC-42A3-9474-1A3956D46DE8}") = "02. BLL", "02. BLL", "{1CC82814-8BD1-4AFC-A71A-635470C9FD9E}"
EndProject
Project("{2150E333-8FDC-42A3-9474-1A3956D46DE8}") = "03. API", "03. API", "{0F186DB1-8054-44E3-BC1A-0D553614A00C}"
EndProject
Project("{FAE04EC0-301F-11D3-BF4B-00C04F79EFBC}") = "MicroServices.CompanyService.API", "MicroServices.Companies.API\MicroServices.CompanyService.API.csproj", "{C322DDC2-5E49-4880-A92B-F48001DA61E5}"
EndProject
Global
	GlobalSection(SolutionConfigurationPlatforms) = preSolution
		Debug|Any CPU = Debug|Any CPU
		Release|Any CPU = Release|Any CPU
	EndGlobalSection
	GlobalSection(ProjectConfigurationPlatforms) = postSolution
		{EBB4DAEE-8ACC-4CE0-88DC-9D317A492287}.Debug|Any CPU.ActiveCfg = Debug|Any CPU
		{EBB4DAEE-8ACC-4CE0-88DC-9D317A492287}.Debug|Any CPU.Build.0 = Debug|Any CPU
		{EBB4DAEE-8ACC-4CE0-88DC-9D317A492287}.Release|Any CPU.ActiveCfg = Release|Any CPU
		{EBB4DAEE-8ACC-4CE0-88DC-9D317A492287}.Release|Any CPU.Build.0 = Release|Any CPU
		{FA3AB1AB-5F3D-4688-9CC2-EC172DEAD781}.Debug|Any CPU.ActiveCfg = Debug|Any CPU
		{FA3AB1AB-5F3D-4688-9CC2-EC172DEAD781}.Debug|Any CPU.Build.0 = Debug|Any CPU
		{FA3AB1AB-5F3D-4688-9CC2-EC172DEAD781}.Release|Any CPU.ActiveCfg = Release|Any CPU
		{FA3AB1AB-5F3D-4688-9CC2-EC172DEAD781}.Release|Any CPU.Build.0 = Release|Any CPU
		{49B7D418-FC5C-4EB9-9F17-2CB9D481F71B}.Debug|Any CPU.ActiveCfg = Debug|Any CPU
		{49B7D418-FC5C-4EB9-9F17-2CB9D481F71B}.Debug|Any CPU.Build.0 = Debug|Any CPU
		{49B7D418-FC5C-4EB9-9F17-2CB9D481F71B}.Release|Any CPU.ActiveCfg = Release|Any CPU
		{49B7D418-FC5C-4EB9-9F17-2CB9D481F71B}.Release|Any CPU.Build.0 = Release|Any CPU
		{C322DDC2-5E49-4880-A92B-F48001DA61E5}.Debug|Any CPU.ActiveCfg = Debug|Any CPU
		{C322DDC2-5E49-4880-A92B-F48001DA61E5}.Debug|Any CPU.Build.0 = Debug|Any CPU
		{C322DDC2-5E49-4880-A92B-F48001DA61E5}.Release|Any CPU.ActiveCfg = Release|Any CPU
		{C322DDC2-5E49-4880-A92B-F48001DA61E5}.Release|Any CPU.Build.0 = Release|Any CPU
	EndGlobalSection
	GlobalSection(SolutionProperties) = preSolution
		HideSolutionNode = FALSE
	EndGlobalSection
	GlobalSection(NestedProjects) = preSolution
		{EBB4DAEE-8ACC-4CE0-88DC-9D317A492287} = {C15BC76C-3F8B-4CCC-BBB2-208234898D22}
		{FA3AB1AB-5F3D-4688-9CC2-EC172DEAD781} = {1CC82814-8BD1-4AFC-A71A-635470C9FD9E}
		{49B7D418-FC5C-4EB9-9F17-2CB9D481F71B} = {FBE368AF-37E1-4048-B2CC-56E8702B1B72}
		{C15BC76C-3F8B-4CCC-BBB2-208234898D22} = {0AEF2F2F-850A-41A9-98AC-86AFE143911A}
		{1CC82814-8BD1-4AFC-A71A-635470C9FD9E} = {0AEF2F2F-850A-41A9-98AC-86AFE143911A}
		{0F186DB1-8054-44E3-BC1A-0D553614A00C} = {0AEF2F2F-850A-41A9-98AC-86AFE143911A}
		{C322DDC2-5E49-4880-A92B-F48001DA61E5} = {0F186DB1-8054-44E3-BC1A-0D553614A00C}
	EndGlobalSection
	GlobalSection(ExtensibilityGlobals) = postSolution
		SolutionGuid = {28FAF436-CA18-458B-B205-DC00D7D47691}
	EndGlobalSection
EndGlobal
